// !$*UTF8*$!
{
	archiveVersion = 1;
	classes = {
	};
	objectVersion = 50;
	objects = {

/* Begin PBXBuildFile section */
		AC19F63C20ED97B100475786 /* AppDelegate.swift in Sources */ = {isa = PBXBuildFile; fileRef = AC19F63B20ED97B100475786 /* AppDelegate.swift */; };
		AC19F63E20ED97B100475786 /* FeedViewController.swift in Sources */ = {isa = PBXBuildFile; fileRef = AC19F63D20ED97B100475786 /* FeedViewController.swift */; };
		AC19F64320ED97B300475786 /* Assets.xcassets in Resources */ = {isa = PBXBuildFile; fileRef = AC19F64220ED97B300475786 /* Assets.xcassets */; };
		AC19F65020ED997D00475786 /* UIColor+HEXString.swift in Sources */ = {isa = PBXBuildFile; fileRef = AC19F64E20ED997D00475786 /* UIColor+HEXString.swift */; };
		AC19F65120ED997D00475786 /* UIView+Constraint.swift in Sources */ = {isa = PBXBuildFile; fileRef = AC19F64F20ED997D00475786 /* UIView+Constraint.swift */; };
		AC19F65320ED9A9B00475786 /* Launch.storyboard in Resources */ = {isa = PBXBuildFile; fileRef = AC19F65220ED9A9B00475786 /* Launch.storyboard */; };
		AC3972BF20F32438004FDD03 /* NewFeedViewController.swift in Sources */ = {isa = PBXBuildFile; fileRef = AC3972BE20F32438004FDD03 /* NewFeedViewController.swift */; };
		AC3972C120F326BF004FDD03 /* PlaceTableViewController.swift in Sources */ = {isa = PBXBuildFile; fileRef = AC3972C020F326BF004FDD03 /* PlaceTableViewController.swift */; };
		AC3972C320F32757004FDD03 /* UIViewController+Child.swift in Sources */ = {isa = PBXBuildFile; fileRef = AC3972C220F32757004FDD03 /* UIViewController+Child.swift */; };
		AC3972C520F3335C004FDD03 /* NewFeedPlaceTableViewCell.swift in Sources */ = {isa = PBXBuildFile; fileRef = AC3972C420F3335C004FDD03 /* NewFeedPlaceTableViewCell.swift */; };
		AC6BFA2E20F5E05700EEE9F7 /* Test2ViewController.swift in Sources */ = {isa = PBXBuildFile; fileRef = AC6BFA2D20F5E05700EEE9F7 /* Test2ViewController.swift */; };
		AC6BFA3020F5F2E500EEE9F7 /* UIView+Shadow.swift in Sources */ = {isa = PBXBuildFile; fileRef = AC6BFA2F20F5F2E500EEE9F7 /* UIView+Shadow.swift */; };
		AC6BFA3220F5F43C00EEE9F7 /* ShadowView.swift in Sources */ = {isa = PBXBuildFile; fileRef = AC6BFA3120F5F43C00EEE9F7 /* ShadowView.swift */; };
		ACE4D75420F4228500D8E77C /* FeedTripCell.swift in Sources */ = {isa = PBXBuildFile; fileRef = ACE4D75320F4228500D8E77C /* FeedTripCell.swift */; };
		ACE4D75720F4234800D8E77C /* Trip.swift in Sources */ = {isa = PBXBuildFile; fileRef = ACE4D75620F4234800D8E77C /* Trip.swift */; };
		ACE4D75920F4236400D8E77C /* Place.swift in Sources */ = {isa = PBXBuildFile; fileRef = ACE4D75820F4236400D8E77C /* Place.swift */; };
		ACE4D75B20F42E0A00D8E77C /* FeedTripCellPlaceTableView.swift in Sources */ = {isa = PBXBuildFile; fileRef = ACE4D75A20F42E0A00D8E77C /* FeedTripCellPlaceTableView.swift */; };
		ACE4D75D20F43A9800D8E77C /* FeedTripCellPlaceTableCell.swift in Sources */ = {isa = PBXBuildFile; fileRef = ACE4D75C20F43A9800D8E77C /* FeedTripCellPlaceTableCell.swift */; };
		ACE4D75F20F4695100D8E77C /* TestViewController.swift in Sources */ = {isa = PBXBuildFile; fileRef = ACE4D75E20F4695100D8E77C /* TestViewController.swift */; };
		ACE4D76120F46C3E00D8E77C /* TestTableViewCell.swift in Sources */ = {isa = PBXBuildFile; fileRef = ACE4D76020F46C3E00D8E77C /* TestTableViewCell.swift */; };
		ACE4D76320F46E3D00D8E77C /* TestInnerTableView.swift in Sources */ = {isa = PBXBuildFile; fileRef = ACE4D76220F46E3D00D8E77C /* TestInnerTableView.swift */; };
		ACE4D76520F486F000D8E77C /* TestInnerTableCell.swift in Sources */ = {isa = PBXBuildFile; fileRef = ACE4D76420F486F000D8E77C /* TestInnerTableCell.swift */; };
/* End PBXBuildFile section */

/* Begin PBXFileReference section */
		AC19F63820ED97B100475786 /* Feed.app */ = {isa = PBXFileReference; explicitFileType = wrapper.application; includeInIndex = 0; path = Feed.app; sourceTree = BUILT_PRODUCTS_DIR; };
		AC19F63B20ED97B100475786 /* AppDelegate.swift */ = {isa = PBXFileReference; lastKnownFileType = sourcecode.swift; path = AppDelegate.swift; sourceTree = "<group>"; };
		AC19F63D20ED97B100475786 /* FeedViewController.swift */ = {isa = PBXFileReference; lastKnownFileType = sourcecode.swift; path = FeedViewController.swift; sourceTree = "<group>"; };
		AC19F64220ED97B300475786 /* Assets.xcassets */ = {isa = PBXFileReference; lastKnownFileType = folder.assetcatalog; path = Assets.xcassets; sourceTree = "<group>"; };
		AC19F64720ED97B300475786 /* Info.plist */ = {isa = PBXFileReference; lastKnownFileType = text.plist.xml; path = Info.plist; sourceTree = "<group>"; };
		AC19F64E20ED997D00475786 /* UIColor+HEXString.swift */ = {isa = PBXFileReference; fileEncoding = 4; lastKnownFileType = sourcecode.swift; path = "UIColor+HEXString.swift"; sourceTree = "<group>"; };
		AC19F64F20ED997D00475786 /* UIView+Constraint.swift */ = {isa = PBXFileReference; fileEncoding = 4; lastKnownFileType = sourcecode.swift; path = "UIView+Constraint.swift"; sourceTree = "<group>"; };
		AC19F65220ED9A9B00475786 /* Launch.storyboard */ = {isa = PBXFileReference; lastKnownFileType = file.storyboard; path = Launch.storyboard; sourceTree = "<group>"; };
		AC3972BE20F32438004FDD03 /* NewFeedViewController.swift */ = {isa = PBXFileReference; lastKnownFileType = sourcecode.swift; path = NewFeedViewController.swift; sourceTree = "<group>"; };
		AC3972C020F326BF004FDD03 /* PlaceTableViewController.swift */ = {isa = PBXFileReference; lastKnownFileType = sourcecode.swift; path = PlaceTableViewController.swift; sourceTree = "<group>"; };
		AC3972C220F32757004FDD03 /* UIViewController+Child.swift */ = {isa = PBXFileReference; lastKnownFileType = sourcecode.swift; path = "UIViewController+Child.swift"; sourceTree = "<group>"; };
		AC3972C420F3335C004FDD03 /* NewFeedPlaceTableViewCell.swift */ = {isa = PBXFileReference; lastKnownFileType = sourcecode.swift; path = NewFeedPlaceTableViewCell.swift; sourceTree = "<group>"; };
		AC6BFA2D20F5E05700EEE9F7 /* Test2ViewController.swift */ = {isa = PBXFileReference; lastKnownFileType = sourcecode.swift; path = Test2ViewController.swift; sourceTree = "<group>"; };
		AC6BFA2F20F5F2E500EEE9F7 /* UIView+Shadow.swift */ = {isa = PBXFileReference; lastKnownFileType = sourcecode.swift; path = "UIView+Shadow.swift"; sourceTree = "<group>"; };
		AC6BFA3120F5F43C00EEE9F7 /* ShadowView.swift */ = {isa = PBXFileReference; lastKnownFileType = sourcecode.swift; path = ShadowView.swift; sourceTree = "<group>"; };
		ACE4D75320F4228500D8E77C /* FeedTripCell.swift */ = {isa = PBXFileReference; lastKnownFileType = sourcecode.swift; path = FeedTripCell.swift; sourceTree = "<group>"; };
		ACE4D75620F4234800D8E77C /* Trip.swift */ = {isa = PBXFileReference; lastKnownFileType = sourcecode.swift; path = Trip.swift; sourceTree = "<group>"; };
		ACE4D75820F4236400D8E77C /* Place.swift */ = {isa = PBXFileReference; lastKnownFileType = sourcecode.swift; path = Place.swift; sourceTree = "<group>"; };
		ACE4D75A20F42E0A00D8E77C /* FeedTripCellPlaceTableView.swift */ = {isa = PBXFileReference; lastKnownFileType = sourcecode.swift; path = FeedTripCellPlaceTableView.swift; sourceTree = "<group>"; };
		ACE4D75C20F43A9800D8E77C /* FeedTripCellPlaceTableCell.swift */ = {isa = PBXFileReference; lastKnownFileType = sourcecode.swift; path = FeedTripCellPlaceTableCell.swift; sourceTree = "<group>"; };
		ACE4D75E20F4695100D8E77C /* TestViewController.swift */ = {isa = PBXFileReference; lastKnownFileType = sourcecode.swift; path = TestViewController.swift; sourceTree = "<group>"; };
		ACE4D76020F46C3E00D8E77C /* TestTableViewCell.swift */ = {isa = PBXFileReference; lastKnownFileType = sourcecode.swift; path = TestTableViewCell.swift; sourceTree = "<group>"; };
		ACE4D76220F46E3D00D8E77C /* TestInnerTableView.swift */ = {isa = PBXFileReference; lastKnownFileType = sourcecode.swift; path = TestInnerTableView.swift; sourceTree = "<group>"; };
		ACE4D76420F486F000D8E77C /* TestInnerTableCell.swift */ = {isa = PBXFileReference; lastKnownFileType = sourcecode.swift; path = TestInnerTableCell.swift; sourceTree = "<group>"; };
/* End PBXFileReference section */

/* Begin PBXFrameworksBuildPhase section */
		AC19F63520ED97B100475786 /* Frameworks */ = {
			isa = PBXFrameworksBuildPhase;
			buildActionMask = 2147483647;
			files = (
			);
			runOnlyForDeploymentPostprocessing = 0;
		};
/* End PBXFrameworksBuildPhase section */

/* Begin PBXGroup section */
		AC19F62F20ED97B100475786 = {
			isa = PBXGroup;
			children = (
				AC19F63A20ED97B100475786 /* Feed */,
				AC19F63920ED97B100475786 /* Products */,
			);
			sourceTree = "<group>";
		};
		AC19F63920ED97B100475786 /* Products */ = {
			isa = PBXGroup;
			children = (
				AC19F63820ED97B100475786 /* Feed.app */,
			);
			name = Products;
			sourceTree = "<group>";
		};
		AC19F63A20ED97B100475786 /* Feed */ = {
			isa = PBXGroup;
			children = (
				AC19F63B20ED97B100475786 /* AppDelegate.swift */,
				AC19F63D20ED97B100475786 /* FeedViewController.swift */,
				ACE4D75320F4228500D8E77C /* FeedTripCell.swift */,
				ACE4D75A20F42E0A00D8E77C /* FeedTripCellPlaceTableView.swift */,
				ACE4D75C20F43A9800D8E77C /* FeedTripCellPlaceTableCell.swift */,
				AC3972BE20F32438004FDD03 /* NewFeedViewController.swift */,
				AC3972C420F3335C004FDD03 /* NewFeedPlaceTableViewCell.swift */,
				AC3972C020F326BF004FDD03 /* PlaceTableViewController.swift */,
				ACE4D75E20F4695100D8E77C /* TestViewController.swift */,
				ACE4D76020F46C3E00D8E77C /* TestTableViewCell.swift */,
				ACE4D76220F46E3D00D8E77C /* TestInnerTableView.swift */,
				ACE4D76420F486F000D8E77C /* TestInnerTableCell.swift */,
				ACE4D75520F4233500D8E77C /* Models */,
				AC19F64D20ED996500475786 /* Extensions */,
				AC19F64220ED97B300475786 /* Assets.xcassets */,
				AC19F65220ED9A9B00475786 /* Launch.storyboard */,
				AC19F64720ED97B300475786 /* Info.plist */,
				AC6BFA2D20F5E05700EEE9F7 /* Test2ViewController.swift */,
			);
			path = Feed;
			sourceTree = "<group>";
		};
		AC19F64D20ED996500475786 /* Extensions */ = {
			isa = PBXGroup;
			children = (
				AC19F64E20ED997D00475786 /* UIColor+HEXString.swift */,
				AC19F64F20ED997D00475786 /* UIView+Constraint.swift */,
				AC3972C220F32757004FDD03 /* UIViewController+Child.swift */,
				AC6BFA2F20F5F2E500EEE9F7 /* UIView+Shadow.swift */,
				AC6BFA3120F5F43C00EEE9F7 /* ShadowView.swift */,
			);
			path = Extensions;
			sourceTree = "<group>";
		};
		ACE4D75520F4233500D8E77C /* Models */ = {
			isa = PBXGroup;
			children = (
				ACE4D75620F4234800D8E77C /* Trip.swift */,
				ACE4D75820F4236400D8E77C /* Place.swift */,
			);
			path = Models;
			sourceTree = "<group>";
		};
/* End PBXGroup section */

/* Begin PBXNativeTarget section */
		AC19F63720ED97B100475786 /* Feed */ = {
			isa = PBXNativeTarget;
			buildConfigurationList = AC19F64A20ED97B300475786 /* Build configuration list for PBXNativeTarget "Feed" */;
			buildPhases = (
				AC19F63420ED97B100475786 /* Sources */,
				AC19F63520ED97B100475786 /* Frameworks */,
				AC19F63620ED97B100475786 /* Resources */,
			);
			buildRules = (
			);
			dependencies = (
			);
			name = Feed;
			productName = Feed;
			productReference = AC19F63820ED97B100475786 /* Feed.app */;
			productType = "com.apple.product-type.application";
		};
/* End PBXNativeTarget section */

/* Begin PBXProject section */
		AC19F63020ED97B100475786 /* Project object */ = {
			isa = PBXProject;
			attributes = {
				LastSwiftUpdateCheck = 0940;
				LastUpgradeCheck = 0940;
				ORGANIZATIONNAME = TeetBox;
				TargetAttributes = {
					AC19F63720ED97B100475786 = {
						CreatedOnToolsVersion = 9.4;
					};
				};
			};
			buildConfigurationList = AC19F63320ED97B100475786 /* Build configuration list for PBXProject "Feed" */;
			compatibilityVersion = "Xcode 9.3";
			developmentRegion = en;
			hasScannedForEncodings = 0;
			knownRegions = (
				en,
				Base,
			);
			mainGroup = AC19F62F20ED97B100475786;
			productRefGroup = AC19F63920ED97B100475786 /* Products */;
			projectDirPath = "";
			projectRoot = "";
			targets = (
				AC19F63720ED97B100475786 /* Feed */,
			);
		};
/* End PBXProject section */

/* Begin PBXResourcesBuildPhase section */
		AC19F63620ED97B100475786 /* Resources */ = {
			isa = PBXResourcesBuildPhase;
			buildActionMask = 2147483647;
			files = (
				AC19F64320ED97B300475786 /* Assets.xcassets in Resources */,
				AC19F65320ED9A9B00475786 /* Launch.storyboard in Resources */,
			);
			runOnlyForDeploymentPostprocessing = 0;
		};
/* End PBXResourcesBuildPhase section */

/* Begin PBXSourcesBuildPhase section */
		AC19F63420ED97B100475786 /* Sources */ = {
			isa = PBXSourcesBuildPhase;
			buildActionMask = 2147483647;
			files = (
				ACE4D75F20F4695100D8E77C /* TestViewController.swift in Sources */,
				ACE4D75720F4234800D8E77C /* Trip.swift in Sources */,
				ACE4D76320F46E3D00D8E77C /* TestInnerTableView.swift in Sources */,
				AC19F65020ED997D00475786 /* UIColor+HEXString.swift in Sources */,
				AC6BFA3220F5F43C00EEE9F7 /* ShadowView.swift in Sources */,
				AC19F63E20ED97B100475786 /* FeedViewController.swift in Sources */,
				AC3972C320F32757004FDD03 /* UIViewController+Child.swift in Sources */,
				ACE4D76520F486F000D8E77C /* TestInnerTableCell.swift in Sources */,
				AC6BFA2E20F5E05700EEE9F7 /* Test2ViewController.swift in Sources */,
				AC19F63C20ED97B100475786 /* AppDelegate.swift in Sources */,
				AC3972C520F3335C004FDD03 /* NewFeedPlaceTableViewCell.swift in Sources */,
				ACE4D75D20F43A9800D8E77C /* FeedTripCellPlaceTableCell.swift in Sources */,
				AC19F65120ED997D00475786 /* UIView+Constraint.swift in Sources */,
				ACE4D75B20F42E0A00D8E77C /* FeedTripCellPlaceTableView.swift in Sources */,
				AC6BFA3020F5F2E500EEE9F7 /* UIView+Shadow.swift in Sources */,
				AC3972BF20F32438004FDD03 /* NewFeedViewController.swift in Sources */,
				ACE4D75420F4228500D8E77C /* FeedTripCell.swift in Sources */,
				ACE4D75920F4236400D8E77C /* Place.swift in Sources */,
				AC3972C120F326BF004FDD03 /* PlaceTableViewController.swift in Sources */,
				ACE4D76120F46C3E00D8E77C /* TestTableViewCell.swift in Sources */,
			);
			runOnlyForDeploymentPostprocessing = 0;
		};
/* End PBXSourcesBuildPhase section */

/* Begin XCBuildConfiguration section */
		AC19F64820ED97B300475786 /* Debug */ = {
			isa = XCBuildConfiguration;
			buildSettings = {
				ALWAYS_SEARCH_USER_PATHS = NO;
				CLANG_ANALYZER_NONNULL = YES;
				CLANG_ANALYZER_NUMBER_OBJECT_CONVERSION = YES_AGGRESSIVE;
				CLANG_CXX_LANGUAGE_STANDARD = "gnu++14";
				CLANG_CXX_LIBRARY = "libc++";
				CLANG_ENABLE_MODULES = YES;
				CLANG_ENABLE_OBJC_ARC = YES;
				CLANG_ENABLE_OBJC_WEAK = YES;
				CLANG_WARN_BLOCK_CAPTURE_AUTORELEASING = YES;
				CLANG_WARN_BOOL_CONVERSION = YES;
				CLANG_WARN_COMMA = YES;
				CLANG_WARN_CONSTANT_CONVERSION = YES;
				CLANG_WARN_DEPRECATED_OBJC_IMPLEMENTATIONS = YES;
				CLANG_WARN_DIRECT_OBJC_ISA_USAGE = YES_ERROR;
				CLANG_WARN_DOCUMENTATION_COMMENTS = YES;
				CLANG_WARN_EMPTY_BODY = YES;
				CLANG_WARN_ENUM_CONVERSION = YES;
				CLANG_WARN_INFINITE_RECURSION = YES;
				CLANG_WARN_INT_CONVERSION = YES;
				CLANG_WARN_NON_LITERAL_NULL_CONVERSION = YES;
				CLANG_WARN_OBJC_IMPLICIT_RETAIN_SELF = YES;
				CLANG_WARN_OBJC_LITERAL_CONVERSION = YES;
				CLANG_WARN_OBJC_ROOT_CLASS = YES_ERROR;
				CLANG_WARN_RANGE_LOOP_ANALYSIS = YES;
				CLANG_WARN_STRICT_PROTOTYPES = YES;
				CLANG_WARN_SUSPICIOUS_MOVE = YES;
				CLANG_WARN_UNGUARDED_AVAILABILITY = YES_AGGRESSIVE;
				CLANG_WARN_UNREACHABLE_CODE = YES;
				CLANG_WARN__DUPLICATE_METHOD_MATCH = YES;
				CODE_SIGN_IDENTITY = "iPhone Developer";
				COPY_PHASE_STRIP = NO;
				DEBUG_INFORMATION_FORMAT = dwarf;
				ENABLE_STRICT_OBJC_MSGSEND = YES;
				ENABLE_TESTABILITY = YES;
				GCC_C_LANGUAGE_STANDARD = gnu11;
				GCC_DYNAMIC_NO_PIC = NO;
				GCC_NO_COMMON_BLOCKS = YES;
				GCC_OPTIMIZATION_LEVEL = 0;
				GCC_PREPROCESSOR_DEFINITIONS = (
					"DEBUG=1",
					"$(inherited)",
				);
				GCC_WARN_64_TO_32_BIT_CONVERSION = YES;
				GCC_WARN_ABOUT_RETURN_TYPE = YES_ERROR;
				GCC_WARN_UNDECLARED_SELECTOR = YES;
				GCC_WARN_UNINITIALIZED_AUTOS = YES_AGGRESSIVE;
				GCC_WARN_UNUSED_FUNCTION = YES;
				GCC_WARN_UNUSED_VARIABLE = YES;
				IPHONEOS_DEPLOYMENT_TARGET = 11.4;
				MTL_ENABLE_DEBUG_INFO = YES;
				ONLY_ACTIVE_ARCH = YES;
				SDKROOT = iphoneos;
				SWIFT_ACTIVE_COMPILATION_CONDITIONS = DEBUG;
				SWIFT_OPTIMIZATION_LEVEL = "-Onone";
			};
			name = Debug;
		};
		AC19F64920ED97B300475786 /* Release */ = {
			isa = XCBuildConfiguration;
			buildSettings = {
				ALWAYS_SEARCH_USER_PATHS = NO;
				CLANG_ANALYZER_NONNULL = YES;
				CLANG_ANALYZER_NUMBER_OBJECT_CONVERSION = YES_AGGRESSIVE;
				CLANG_CXX_LANGUAGE_STANDARD = "gnu++14";
				CLANG_CXX_LIBRARY = "libc++";
				CLANG_ENABLE_MODULES = YES;
				CLANG_ENABLE_OBJC_ARC = YES;
				CLANG_ENABLE_OBJC_WEAK = YES;
				CLANG_WARN_BLOCK_CAPTURE_AUTORELEASING = YES;
				CLANG_WARN_BOOL_CONVERSION = YES;
				CLANG_WARN_COMMA = YES;
				CLANG_WARN_CONSTANT_CONVERSION = YES;
				CLANG_WARN_DEPRECATED_OBJC_IMPLEMENTATIONS = YES;
				CLANG_WARN_DIRECT_OBJC_ISA_USAGE = YES_ERROR;
				CLANG_WARN_DOCUMENTATION_COMMENTS = YES;
				CLANG_WARN_EMPTY_BODY = YES;
				CLANG_WARN_ENUM_CONVERSION = YES;
				CLANG_WARN_INFINITE_RECURSION = YES;
				CLANG_WARN_INT_CONVERSION = YES;
				CLANG_WARN_NON_LITERAL_NULL_CONVERSION = YES;
				CLANG_WARN_OBJC_IMPLICIT_RETAIN_SELF = YES;
				CLANG_WARN_OBJC_LITERAL_CONVERSION = YES;
				CLANG_WARN_OBJC_ROOT_CLASS = YES_ERROR;
				CLANG_WARN_RANGE_LOOP_ANALYSIS = YES;
				CLANG_WARN_STRICT_PROTOTYPES = YES;
				CLANG_WARN_SUSPICIOUS_MOVE = YES;
				CLANG_WARN_UNGUARDED_AVAILABILITY = YES_AGGRESSIVE;
				CLANG_WARN_UNREACHABLE_CODE = YES;
				CLANG_WARN__DUPLICATE_METHOD_MATCH = YES;
				CODE_SIGN_IDENTITY = "iPhone Developer";
				COPY_PHASE_STRIP = NO;
				DEBUG_INFORMATION_FORMAT = "dwarf-with-dsym";
				ENABLE_NS_ASSERTIONS = NO;
				ENABLE_STRICT_OBJC_MSGSEND = YES;
				GCC_C_LANGUAGE_STANDARD = gnu11;
				GCC_NO_COMMON_BLOCKS = YES;
				GCC_WARN_64_TO_32_BIT_CONVERSION = YES;
				GCC_WARN_ABOUT_RETURN_TYPE = YES_ERROR;
				GCC_WARN_UNDECLARED_SELECTOR = YES;
				GCC_WARN_UNINITIALIZED_AUTOS = YES_AGGRESSIVE;
				GCC_WARN_UNUSED_FUNCTION = YES;
				GCC_WARN_UNUSED_VARIABLE = YES;
				IPHONEOS_DEPLOYMENT_TARGET = 11.4;
				MTL_ENABLE_DEBUG_INFO = NO;
				SDKROOT = iphoneos;
				SWIFT_COMPILATION_MODE = wholemodule;
				SWIFT_OPTIMIZATION_LEVEL = "-O";
				VALIDATE_PRODUCT = YES;
			};
			name = Release;
		};
		AC19F64B20ED97B300475786 /* Debug */ = {
			isa = XCBuildConfiguration;
			buildSettings = {
				ASSETCATALOG_COMPILER_APPICON_NAME = AppIcon;
				CODE_SIGN_STYLE = Automatic;
				INFOPLIST_FILE = Feed/Info.plist;
				LD_RUNPATH_SEARCH_PATHS = (
					"$(inherited)",
					"@executable_path/Frameworks",
				);
				PRODUCT_BUNDLE_IDENTIFIER = com.teetbox.Feed;
				PRODUCT_NAME = "$(TARGET_NAME)";
				SWIFT_VERSION = 4.0;
				TARGETED_DEVICE_FAMILY = "1,2";
			};
			name = Debug;
		};
		AC19F64C20ED97B300475786 /* Release */ = {
			isa = XCBuildConfiguration;
			buildSettings = {
				ASSETCATALOG_COMPILER_APPICON_NAME = AppIcon;
				CODE_SIGN_STYLE = Automatic;
				INFOPLIST_FILE = Feed/Info.plist;
				LD_RUNPATH_SEARCH_PATHS = (
					"$(inherited)",
					"@executable_path/Frameworks",
				);
				PRODUCT_BUNDLE_IDENTIFIER = com.teetbox.Feed;
				PRODUCT_NAME = "$(TARGET_NAME)";
				SWIFT_VERSION = 4.0;
				TARGETED_DEVICE_FAMILY = "1,2";
			};
			name = Release;
		};
/* End XCBuildConfiguration section */

/* Begin XCConfigurationList section */
		AC19F63320ED97B100475786 /* Build configuration list for PBXProject "Feed" */ = {
			isa = XCConfigurationList;
			buildConfigurations = (
				AC19F64820ED97B300475786 /* Debug */,
				AC19F64920ED97B300475786 /* Release */,
			);
			defaultConfigurationIsVisible = 0;
			defaultConfigurationName = Release;
		};
		AC19F64A20ED97B300475786 /* Build configuration list for PBXNativeTarget "Feed" */ = {
			isa = XCConfigurationList;
			buildConfigurations = (
				AC19F64B20ED97B300475786 /* Debug */,
				AC19F64C20ED97B300475786 /* Release */,
			);
			defaultConfigurationIsVisible = 0;
			defaultConfigurationName = Release;
		};
/* End XCConfigurationList section */
	};
	rootObject = AC19F63020ED97B100475786 /* Project object */;
}
